{
  "version": "5",
  "specifiers": {
    "jsr:@oak/commons@1": "1.0.1",
    "jsr:@oak/oak@17.1.2": "17.1.2",
    "jsr:@std/assert@1": "1.0.15",
    "jsr:@std/bytes@1": "1.0.6",
    "jsr:@std/bytes@^1.0.2": "1.0.6",
    "jsr:@std/crypto@1": "1.0.5",
    "jsr:@std/encoding@1": "1.0.10",
    "jsr:@std/encoding@^1.0.10": "1.0.10",
    "jsr:@std/http@1": "1.0.21",
    "jsr:@std/io@0.224": "0.224.9",
    "jsr:@std/media-types@1": "1.1.0",
    "jsr:@std/path@1": "1.0.8",
    "npm:@types/node@*": "24.2.0",
    "npm:drizzle-orm@0.33": "0.33.0_mysql2@3.15.3",
    "npm:mysql2@^3.9.0": "3.15.3",
    "npm:nanoid@5": "5.1.6",
    "npm:path-to-regexp@6.2.1": "6.2.1"
  },
  "jsr": {
    "@oak/commons@1.0.1": {
      "integrity": "889ff210f0b4292591721be07244ecb1b5c118742f5273c70cf30d7cd4184d0c",
      "dependencies": [
        "jsr:@std/assert",
        "jsr:@std/bytes@1",
        "jsr:@std/crypto",
        "jsr:@std/encoding@1",
        "jsr:@std/http",
        "jsr:@std/media-types"
      ]
    },
    "@oak/oak@17.1.2": {
      "integrity": "3465ddd605c7e1c50289c07e98980e8d49a790d53c6fd01d7eb93a7d301f0a9a",
      "dependencies": [
        "jsr:@oak/commons",
        "jsr:@std/assert",
        "jsr:@std/bytes@1",
        "jsr:@std/crypto",
        "jsr:@std/http",
        "jsr:@std/io",
        "jsr:@std/media-types",
        "jsr:@std/path",
        "npm:path-to-regexp"
      ]
    },
    "@std/assert@1.0.15": {
      "integrity": "d64018e951dbdfab9777335ecdb000c0b4e3df036984083be219ce5941e4703b"
    },
    "@std/bytes@1.0.6": {
      "integrity": "f6ac6adbd8ccd99314045f5703e23af0a68d7f7e58364b47d2c7f408aeb5820a"
    },
    "@std/crypto@1.0.5": {
      "integrity": "0dcfbb319fe0bba1bd3af904ceb4f948cde1b92979ec1614528380ed308a3b40"
    },
    "@std/encoding@1.0.10": {
      "integrity": "8783c6384a2d13abd5e9e87a7ae0520a30e9f56aeeaa3bdf910a3eaaf5c811a1"
    },
    "@std/http@1.0.21": {
      "integrity": "abb5c747651ee6e3ea6139858fd9b1810d2c97f53a5e6722f3b6d27a6d263edc",
      "dependencies": [
        "jsr:@std/encoding@^1.0.10"
      ]
    },
    "@std/io@0.224.9": {
      "integrity": "4414664b6926f665102e73c969cfda06d2c4c59bd5d0c603fd4f1b1c840d6ee3",
      "dependencies": [
        "jsr:@std/bytes@^1.0.2"
      ]
    },
    "@std/media-types@1.1.0": {
      "integrity": "c9d093f0c05c3512932b330e3cc1fe1d627b301db33a4c2c2185c02471d6eaa4"
    },
    "@std/path@1.0.8": {
      "integrity": "548fa456bb6a04d3c1a1e7477986b6cffbce95102d0bb447c67c4ee70e0364be"
    }
  },
  "npm": {
    "@types/node@24.2.0": {
      "integrity": "sha512-3xyG3pMCq3oYCNg7/ZP+E1ooTaGB4cG8JWRsqqOYQdbWNY4zbaV0Ennrd7stjiJEFZCaybcIgpTjJWHRfBSIDw==",
      "dependencies": [
        "undici-types"
      ]
    },
    "aws-ssl-profiles@1.1.2": {
      "integrity": "sha512-NZKeq9AfyQvEeNlN0zSYAaWrmBffJh3IELMZfRpJVWgrpEbtEpnjvzqBPf+mxoI287JohRDoa+/nsfqqiZmF6g=="
    },
    "denque@2.1.0": {
      "integrity": "sha512-HVQE3AAb/pxF8fQAoiqpvg9i3evqug3hoiwakOyZAwJm+6vZehbkYXZ0l4JxS+I3QxM97v5aaRNhj8v5oBhekw=="
    },
    "drizzle-orm@0.33.0_mysql2@3.15.3": {
      "integrity": "sha512-SHy72R2Rdkz0LEq0PSG/IdvnT3nGiWuRk+2tXZQ90GVq/XQhpCzu/EFT3V2rox+w8MlkBQxifF8pCStNYnERfA==",
      "dependencies": [
        "mysql2"
      ],
      "optionalPeers": [
        "mysql2"
      ]
    },
    "generate-function@2.3.1": {
      "integrity": "sha512-eeB5GfMNeevm/GRYq20ShmsaGcmI81kIX2K9XQx5miC8KdHaC6Jm0qQ8ZNeGOi7wYB8OsdxKs+Y2oVuTFuVwKQ==",
      "dependencies": [
        "is-property"
      ]
    },
    "iconv-lite@0.7.0": {
      "integrity": "sha512-cf6L2Ds3h57VVmkZe+Pn+5APsT7FpqJtEhhieDCvrE2MK5Qk9MyffgQyuxQTm6BChfeZNtcOLHp9IcWRVcIcBQ==",
      "dependencies": [
        "safer-buffer"
      ]
    },
    "is-property@1.0.2": {
      "integrity": "sha512-Ks/IoX00TtClbGQr4TWXemAnktAQvYB7HzcCxDGqEZU6oCmb2INHuOoKxbtR+HFkmYWBKv/dOZtGRiAjDhj92g=="
    },
    "long@5.3.2": {
      "integrity": "sha512-mNAgZ1GmyNhD7AuqnTG3/VQ26o760+ZYBPKjPvugO8+nLbYfX6TVpJPseBvopbdY+qpZ/lKUnmEc1LeZYS3QAA=="
    },
    "lru-cache@7.18.3": {
      "integrity": "sha512-jumlc0BIUrS3qJGgIkWZsyfAM7NCWiBcCDhnd+3NNM5KbBmLTgHVfWBcg6W+rLUsIpzpERPsvwUP7CckAQSOoA=="
    },
    "lru.min@1.1.2": {
      "integrity": "sha512-Nv9KddBcQSlQopmBHXSsZVY5xsdlZkdH/Iey0BlcBYggMd4two7cZnKOK9vmy3nY0O5RGH99z1PCeTpPqszUYg=="
    },
    "mysql2@3.15.3": {
      "integrity": "sha512-FBrGau0IXmuqg4haEZRBfHNWB5mUARw6hNwPDXXGg0XzVJ50mr/9hb267lvpVMnhZ1FON3qNd4Xfcez1rbFwSg==",
      "dependencies": [
        "aws-ssl-profiles",
        "denque",
        "generate-function",
        "iconv-lite",
        "long",
        "lru.min",
        "named-placeholders",
        "seq-queue",
        "sqlstring"
      ]
    },
    "named-placeholders@1.1.3": {
      "integrity": "sha512-eLoBxg6wE/rZkJPhU/xRX1WTpkFEwDJEN96oxFrTsqBdbT5ec295Q+CoHrL9IT0DipqKhmGcaZmwOt8OON5x1w==",
      "dependencies": [
        "lru-cache"
      ]
    },
    "nanoid@5.1.6": {
      "integrity": "sha512-c7+7RQ+dMB5dPwwCp4ee1/iV/q2P6aK1mTZcfr1BTuVlyW9hJYiMPybJCcnBlQtuSmTIWNeazm/zqNoZSSElBg==",
      "bin": true
    },
    "path-to-regexp@6.2.1": {
      "integrity": "sha512-JLyh7xT1kizaEvcaXOQwOc2/Yhw6KZOvPf1S8401UyLk86CU79LN3vl7ztXGm/pZ+YjoyAJ4rxmHwbkBXJX+yw=="
    },
    "safer-buffer@2.1.2": {
      "integrity": "sha512-YZo3K82SD7Riyi0E1EQPojLz7kpepnSQI9IyPbHHg1XXXevb5dJI7tpyN2ADxGcQbHG7vcyRHk0cbwqcQriUtg=="
    },
    "seq-queue@0.0.5": {
      "integrity": "sha512-hr3Wtp/GZIc/6DAGPDcV4/9WoZhjrkXsi5B/07QgX8tsdc6ilr7BFM6PM6rbdAX1kFSDYeZGLipIZZKyQP0O5Q=="
    },
    "sqlstring@2.3.3": {
      "integrity": "sha512-qC9iz2FlN7DQl3+wjwn3802RTyjCx7sDvfQEXchwa6CWOx07/WVfh91gBmQ9fahw8snwGEWU3xGzOt4tFyHLxg=="
    },
    "undici-types@7.10.0": {
      "integrity": "sha512-t5Fy/nfn+14LuOc2KNYg75vZqClpAiqscVvMygNnlsHBFpSXdJaYtXMcdNLpl/Qvc3P2cB3s6lOV51nqsFq4ag=="
    }
  },
  "remote": {
    "https://deno.land/std@0.205.0/encoding/_util.ts": "f368920189c4fe6592ab2e93bd7ded8f3065b84f95cd3e036a4a10a75649dcba",
    "https://deno.land/std@0.205.0/encoding/base64.ts": "cc03110d6518170aeaa68ec97f89c6d6e2276294b30807e7332591d7ce2e4b72",
    "https://deno.land/std@0.205.0/encoding/base64url.ts": "7608862858d28a003f9d6cb78dd61e645ecd1ae1f45faf0e09a306eafe66b16e",
    "https://deno.land/x/bcrypt@v0.4.1/mod.ts": "ff09bdae282583cf5f7d87efe37ddcecef7f14f6d12e8b8066a3058db8c6c2f7",
    "https://deno.land/x/bcrypt@v0.4.1/src/bcrypt/base64.ts": "b8266450a4f1eb6960f60f2f7986afc4dde6b45bd2d7ee7ba10789e67e17b9f7",
    "https://deno.land/x/bcrypt@v0.4.1/src/bcrypt/bcrypt.ts": "ec221648cc6453ea5e3803bc817c01157dada06aa6f7a0ba6b9f87aae32b21e2",
    "https://deno.land/x/bcrypt@v0.4.1/src/main.ts": "08d201b289c8d9c46f8839c69cd6625b213863db29775c7a200afc3b540e64f8",
    "https://deno.land/x/bcrypt@v0.4.1/src/worker.ts": "5a73bdfee9c9e622f47c9733d374b627dce52fb3ec1e74c8226698b3fc57ffac",
    "https://deno.land/x/djwt@v3.0.1/algorithm.ts": "b1c6645f9dbd6e6c47c123a3b18c28b956f91c65ed17f5b6d5d968fc3750542b",
    "https://deno.land/x/djwt@v3.0.1/deps.ts": "c8b329dc18c54f93879699ffb728bd805d548f7c64c4d2916efa5fb2c712cc47",
    "https://deno.land/x/djwt@v3.0.1/mod.ts": "eca176976595654b8a536e7b8029a029c435d079ef58feff2d3bde33ea107417",
    "https://deno.land/x/djwt@v3.0.1/signature.ts": "a5649368a4b433b2810e7d47f53661fe3b0f7fe1778cb49234ceae3d6e861185",
    "https://deno.land/x/djwt@v3.0.1/util.ts": "5cb264d2125c553678e11446bcfa0494025d120e3f59d0a3ab38f6800def697d"
  },
  "workspace": {
    "dependencies": [
      "jsr:@oak/oak@17.1.2",
      "npm:drizzle-orm@0.33",
      "npm:mysql2@^3.9.0",
      "npm:nanoid@5"
    ]
  }
}
